
Microsoft Visual Studio Solution File, Format Version 12.00
# Visual Studio Version 17
VisualStudioVersion = 17.3.32922.545
MinimumVisualStudioVersion = 10.0.40219.1
Project("{2150E333-8FDC-42A3-9474-1A3956D46DE8}") = "lib", "lib", "{5D2F4B0E-F62B-4038-879E-8F0A16F4D101}"
EndProject
Project("{2150E333-8FDC-42A3-9474-1A3956D46DE8}") = "test", "test", "{E01CBC68-5F83-4D49-9983-D03B929CDB3A}"
EndProject
Project("{FAE04EC0-301F-11D3-BF4B-00C04F79EFBC}") = "IIS.ConsoleApp", "test\IIS.ConsoleApp\IIS.ConsoleApp.csproj", "{E6CAAC43-C903-4AA1-9D94-A815F80CBB0B}"
EndProject
Project("{FAE04EC0-301F-11D3-BF4B-00C04F79EFBC}") = "IIS.FormsApp", "test\IIS.FormsApp\IIS.FormsApp.csproj", "{E3C9031D-4277-44B5-A87F-3C42984D5072}"
EndProject
Project("{2150E333-8FDC-42A3-9474-1A3956D46DE8}") = "iTin.AspNet", "iTin.AspNet", "{B4709610-2503-4D77-A880-DAB05D82D776}"
EndProject
Project("{9A19103F-16F7-4668-BE54-9A1E7A4F7556}") = "iTin.AspNet.Web.IIS", "lib\iTin.AspNet\iTin.AspNet.Web\iTin.AspNet.Web.IIS\iTin.AspNet.Web.IIS.csproj", "{66108E17-BDF9-41F3-BE43-1B4386D003CC}"
EndProject
Project("{2150E333-8FDC-42A3-9474-1A3956D46DE8}") = "iTin.Registry", "iTin.Registry", "{FD10CBBD-203C-4481-B7B9-8AE18193CF8C}"
EndProject
Project("{9A19103F-16F7-4668-BE54-9A1E7A4F7556}") = "iTin.Registry.Windows", "lib\iTin.Registry\iTin.Registry.Windows\iTin.Registry.Windows.csproj", "{CD3463EF-1C21-406F-9CD9-157E970BABF3}"
EndProject
Project("{2150E333-8FDC-42A3-9474-1A3956D46DE8}") = "iTin.Core", "iTin.Core", "{43139493-D514-44A0-A481-C2489F6F4BF7}"
EndProject
Project("{FAE04EC0-301F-11D3-BF4B-00C04F79EFBC}") = "IIS.ConsoleAsyncApp", "test\IIS.ConsoleAsyncApp\IIS.ConsoleAsyncApp.csproj", "{ED144F46-5A08-4FF7-99C9-5E943F5714D1}"
EndProject
Project("{FAE04EC0-301F-11D3-BF4B-00C04F79EFBC}") = "IIS.FormsAsyncApp", "test\IIS.FormsAsyncApp\IIS.FormsAsyncApp.csproj", "{053FC95C-01F8-45D2-A97A-9BE1A8724DF4}"
EndProject
Project("{2150E333-8FDC-42A3-9474-1A3956D46DE8}") = "setup", "setup", "{5CF9DCF0-9CB0-40BD-A062-531E6DF5FF53}"
EndProject
Project("{54435603-DBB4-11D2-8724-00A0C9A8B90C}") = "iIISFeaturesSetup", "setup\iIISFeaturesSetup\iIISFeaturesSetup.vdproj", "{E7B9D1BB-2D07-4C7C-94CA-7447F0FEE376}"
EndProject
Project("{2150E333-8FDC-42A3-9474-1A3956D46DE8}") = "iTin.Logging", "iTin.Logging", "{FFECF6E2-2474-49E5-BF6C-05ABDCF45663}"
EndProject
Project("{9A19103F-16F7-4668-BE54-9A1E7A4F7556}") = "iTin.Logging", "lib\iTin.Logging\iTin.Logging\iTin.Logging.csproj", "{BC9D0EB7-A5CC-4661-9BA6-A520A3055386}"
EndProject
Project("{9A19103F-16F7-4668-BE54-9A1E7A4F7556}") = "iTin.Core.Models", "lib\iTin.Core\iTin.Core.Models\iTin.Core.Models.csproj", "{177F7461-4960-4B32-B433-0AB6BA4412BA}"
EndProject
Project("{9A19103F-16F7-4668-BE54-9A1E7A4F7556}") = "iTin.Core.IO", "lib\iTin.Core\iTin.Core.IO\iTin.Core.IO.csproj", "{B1ABD3BC-16F4-48EF-B69E-35E0221F8557}"
EndProject
Project("{9A19103F-16F7-4668-BE54-9A1E7A4F7556}") = "iTin.Core", "lib\iTin.Core\iTin.Core\iTin.Core.csproj", "{1F07905C-2F22-4215-86E6-31255DCCCD79}"
EndProject
Project("{2150E333-8FDC-42A3-9474-1A3956D46DE8}") = "iTin.Core.IO", "iTin.Core.IO", "{2CDD9F60-77E8-47D4-B2AF-EF085998876B}"
EndProject
Project("{2150E333-8FDC-42A3-9474-1A3956D46DE8}") = "iTin.Core", "iTin.Core", "{50F90DD3-F435-41EA-B1A3-D333B472F71C}"
EndProject
Project("{2150E333-8FDC-42A3-9474-1A3956D46DE8}") = "iTin.Core.Models", "iTin.Core.Models", "{2A684792-3C3A-42AB-B5B0-9337DDC3C9BC}"
EndProject
Project("{2150E333-8FDC-42A3-9474-1A3956D46DE8}") = "iTin.Logging", "iTin.Logging", "{3DFBA0E3-F127-41B9-9F65-FB2F617A8A89}"
EndProject
Project("{2150E333-8FDC-42A3-9474-1A3956D46DE8}") = "iTin.Registry.Windows", "iTin.Registry.Windows", "{A3C3D3A4-3251-44C8-AE1E-926CB7C4FD9E}"
EndProject
Project("{2150E333-8FDC-42A3-9474-1A3956D46DE8}") = "iTin.AspNet.Web", "iTin.AspNet.Web", "{40D440FF-54DB-4D2B-97CF-9EFD0A6ED123}"
EndProject
Global
	GlobalSection(SolutionConfigurationPlatforms) = preSolution
		Debug|Any CPU = Debug|Any CPU
		Release|Any CPU = Release|Any CPU
	EndGlobalSection
	GlobalSection(ProjectConfigurationPlatforms) = postSolution
		{E6CAAC43-C903-4AA1-9D94-A815F80CBB0B}.Debug|Any CPU.ActiveCfg = Debug|Any CPU
		{E6CAAC43-C903-4AA1-9D94-A815F80CBB0B}.Debug|Any CPU.Build.0 = Debug|Any CPU
		{E6CAAC43-C903-4AA1-9D94-A815F80CBB0B}.Release|Any CPU.ActiveCfg = Release|Any CPU
		{E6CAAC43-C903-4AA1-9D94-A815F80CBB0B}.Release|Any CPU.Build.0 = Release|Any CPU
		{E3C9031D-4277-44B5-A87F-3C42984D5072}.Debug|Any CPU.ActiveCfg = Debug|Any CPU
		{E3C9031D-4277-44B5-A87F-3C42984D5072}.Debug|Any CPU.Build.0 = Debug|Any CPU
		{E3C9031D-4277-44B5-A87F-3C42984D5072}.Release|Any CPU.ActiveCfg = Release|Any CPU
		{E3C9031D-4277-44B5-A87F-3C42984D5072}.Release|Any CPU.Build.0 = Release|Any CPU
		{66108E17-BDF9-41F3-BE43-1B4386D003CC}.Debug|Any CPU.ActiveCfg = Debug|Any CPU
		{66108E17-BDF9-41F3-BE43-1B4386D003CC}.Debug|Any CPU.Build.0 = Debug|Any CPU
		{66108E17-BDF9-41F3-BE43-1B4386D003CC}.Release|Any CPU.ActiveCfg = Release|Any CPU
		{66108E17-BDF9-41F3-BE43-1B4386D003CC}.Release|Any CPU.Build.0 = Release|Any CPU
		{CD3463EF-1C21-406F-9CD9-157E970BABF3}.Debug|Any CPU.ActiveCfg = Debug|Any CPU
		{CD3463EF-1C21-406F-9CD9-157E970BABF3}.Debug|Any CPU.Build.0 = Debug|Any CPU
		{CD3463EF-1C21-406F-9CD9-157E970BABF3}.Release|Any CPU.ActiveCfg = Release|Any CPU
		{CD3463EF-1C21-406F-9CD9-157E970BABF3}.Release|Any CPU.Build.0 = Release|Any CPU
		{ED144F46-5A08-4FF7-99C9-5E943F5714D1}.Debug|Any CPU.ActiveCfg = Debug|Any CPU
		{ED144F46-5A08-4FF7-99C9-5E943F5714D1}.Debug|Any CPU.Build.0 = Debug|Any CPU
		{ED144F46-5A08-4FF7-99C9-5E943F5714D1}.Release|Any CPU.ActiveCfg = Release|Any CPU
		{ED144F46-5A08-4FF7-99C9-5E943F5714D1}.Release|Any CPU.Build.0 = Release|Any CPU
		{053FC95C-01F8-45D2-A97A-9BE1A8724DF4}.Debug|Any CPU.ActiveCfg = Debug|Any CPU
		{053FC95C-01F8-45D2-A97A-9BE1A8724DF4}.Debug|Any CPU.Build.0 = Debug|Any CPU
		{053FC95C-01F8-45D2-A97A-9BE1A8724DF4}.Release|Any CPU.ActiveCfg = Release|Any CPU
		{053FC95C-01F8-45D2-A97A-9BE1A8724DF4}.Release|Any CPU.Build.0 = Release|Any CPU
		{E7B9D1BB-2D07-4C7C-94CA-7447F0FEE376}.Debug|Any CPU.ActiveCfg = Debug
		{E7B9D1BB-2D07-4C7C-94CA-7447F0FEE376}.Debug|Any CPU.Build.0 = Debug
		{E7B9D1BB-2D07-4C7C-94CA-7447F0FEE376}.Release|Any CPU.ActiveCfg = Release
		{E7B9D1BB-2D07-4C7C-94CA-7447F0FEE376}.Release|Any CPU.Build.0 = Release
		{BC9D0EB7-A5CC-4661-9BA6-A520A3055386}.Debug|Any CPU.ActiveCfg = Debug|Any CPU
		{BC9D0EB7-A5CC-4661-9BA6-A520A3055386}.Debug|Any CPU.Build.0 = Debug|Any CPU
		{BC9D0EB7-A5CC-4661-9BA6-A520A3055386}.Release|Any CPU.ActiveCfg = Release|Any CPU
		{BC9D0EB7-A5CC-4661-9BA6-A520A3055386}.Release|Any CPU.Build.0 = Release|Any CPU
		{177F7461-4960-4B32-B433-0AB6BA4412BA}.Debug|Any CPU.ActiveCfg = Debug|Any CPU
		{177F7461-4960-4B32-B433-0AB6BA4412BA}.Debug|Any CPU.Build.0 = Debug|Any CPU
		{177F7461-4960-4B32-B433-0AB6BA4412BA}.Release|Any CPU.ActiveCfg = Release|Any CPU
		{177F7461-4960-4B32-B433-0AB6BA4412BA}.Release|Any CPU.Build.0 = Release|Any CPU
		{B1ABD3BC-16F4-48EF-B69E-35E0221F8557}.Debug|Any CPU.ActiveCfg = Debug|Any CPU
		{B1ABD3BC-16F4-48EF-B69E-35E0221F8557}.Debug|Any CPU.Build.0 = Debug|Any CPU
		{B1ABD3BC-16F4-48EF-B69E-35E0221F8557}.Release|Any CPU.ActiveCfg = Release|Any CPU
		{B1ABD3BC-16F4-48EF-B69E-35E0221F8557}.Release|Any CPU.Build.0 = Release|Any CPU
		{1F07905C-2F22-4215-86E6-31255DCCCD79}.Debug|Any CPU.ActiveCfg = Debug|Any CPU
		{1F07905C-2F22-4215-86E6-31255DCCCD79}.Debug|Any CPU.Build.0 = Debug|Any CPU
		{1F07905C-2F22-4215-86E6-31255DCCCD79}.Release|Any CPU.ActiveCfg = Release|Any CPU
		{1F07905C-2F22-4215-86E6-31255DCCCD79}.Release|Any CPU.Build.0 = Release|Any CPU
	EndGlobalSection
	GlobalSection(SolutionProperties) = preSolution
		HideSolutionNode = FALSE
	EndGlobalSection
	GlobalSection(NestedProjects) = preSolution
		{E6CAAC43-C903-4AA1-9D94-A815F80CBB0B} = {E01CBC68-5F83-4D49-9983-D03B929CDB3A}
		{E3C9031D-4277-44B5-A87F-3C42984D5072} = {E01CBC68-5F83-4D49-9983-D03B929CDB3A}
		{B4709610-2503-4D77-A880-DAB05D82D776} = {5D2F4B0E-F62B-4038-879E-8F0A16F4D101}
		{66108E17-BDF9-41F3-BE43-1B4386D003CC} = {40D440FF-54DB-4D2B-97CF-9EFD0A6ED123}
		{FD10CBBD-203C-4481-B7B9-8AE18193CF8C} = {5D2F4B0E-F62B-4038-879E-8F0A16F4D101}
		{CD3463EF-1C21-406F-9CD9-157E970BABF3} = {A3C3D3A4-3251-44C8-AE1E-926CB7C4FD9E}
		{43139493-D514-44A0-A481-C2489F6F4BF7} = {5D2F4B0E-F62B-4038-879E-8F0A16F4D101}
		{ED144F46-5A08-4FF7-99C9-5E943F5714D1} = {E01CBC68-5F83-4D49-9983-D03B929CDB3A}
		{053FC95C-01F8-45D2-A97A-9BE1A8724DF4} = {E01CBC68-5F83-4D49-9983-D03B929CDB3A}
		{E7B9D1BB-2D07-4C7C-94CA-7447F0FEE376} = {5CF9DCF0-9CB0-40BD-A062-531E6DF5FF53}
		{FFECF6E2-2474-49E5-BF6C-05ABDCF45663} = {5D2F4B0E-F62B-4038-879E-8F0A16F4D101}
		{BC9D0EB7-A5CC-4661-9BA6-A520A3055386} = {3DFBA0E3-F127-41B9-9F65-FB2F617A8A89}
		{177F7461-4960-4B32-B433-0AB6BA4412BA} = {2A684792-3C3A-42AB-B5B0-9337DDC3C9BC}
		{B1ABD3BC-16F4-48EF-B69E-35E0221F8557} = {2CDD9F60-77E8-47D4-B2AF-EF085998876B}
		{1F07905C-2F22-4215-86E6-31255DCCCD79} = {50F90DD3-F435-41EA-B1A3-D333B472F71C}
		{2CDD9F60-77E8-47D4-B2AF-EF085998876B} = {43139493-D514-44A0-A481-C2489F6F4BF7}
		{50F90DD3-F435-41EA-B1A3-D333B472F71C} = {43139493-D514-44A0-A481-C2489F6F4BF7}
		{2A684792-3C3A-42AB-B5B0-9337DDC3C9BC} = {43139493-D514-44A0-A481-C2489F6F4BF7}
		{3DFBA0E3-F127-41B9-9F65-FB2F617A8A89} = {FFECF6E2-2474-49E5-BF6C-05ABDCF45663}
		{A3C3D3A4-3251-44C8-AE1E-926CB7C4FD9E} = {FD10CBBD-203C-4481-B7B9-8AE18193CF8C}
		{40D440FF-54DB-4D2B-97CF-9EFD0A6ED123} = {B4709610-2503-4D77-A880-DAB05D82D776}
	EndGlobalSection
	GlobalSection(ExtensibilityGlobals) = postSolution
		SolutionGuid = {BEA577B4-2E9A-418F-AF76-DCD13DCA4ED1}
	EndGlobalSection
EndGlobal
