
Microsoft Visual Studio Solution File, Format Version 12.00
# Visual Studio Version 17
VisualStudioVersion = 17.3.32922.545
MinimumVisualStudioVersion = 10.0.40219.1
Project("{2150E333-8FDC-42A3-9474-1A3956D46DE8}") = "lib", "lib", "{5D2F4B0E-F62B-4038-879E-8F0A16F4D101}"
EndProject
Project("{2150E333-8FDC-42A3-9474-1A3956D46DE8}") = "test", "test", "{E01CBC68-5F83-4D49-9983-D03B929CDB3A}"
EndProject
Project("{FAE04EC0-301F-11D3-BF4B-00C04F79EFBC}") = "IIS.ConsoleApp", "test\IIS.ConsoleApp\IIS.ConsoleApp.csproj", "{E6CAAC43-C903-4AA1-9D94-A815F80CBB0B}"
EndProject
Project("{FAE04EC0-301F-11D3-BF4B-00C04F79EFBC}") = "IIS.FormsApp", "test\IIS.FormsApp\IIS.FormsApp.csproj", "{E3C9031D-4277-44B5-A87F-3C42984D5072}"
EndProject
Project("{2150E333-8FDC-42A3-9474-1A3956D46DE8}") = "iTin.AspNet", "iTin.AspNet", "{B4709610-2503-4D77-A880-DAB05D82D776}"
EndProject
Project("{9A19103F-16F7-4668-BE54-9A1E7A4F7556}") = "iTin.AspNet.Web.IIS", "lib\iTin.AspNet\iTin.AspNet.Web\iTin.AspNet.Web.IIS\iTin.AspNet.Web.IIS.csproj", "{66108E17-BDF9-41F3-BE43-1B4386D003CC}"
EndProject
Project("{2150E333-8FDC-42A3-9474-1A3956D46DE8}") = "iTin.Registry", "iTin.Registry", "{FD10CBBD-203C-4481-B7B9-8AE18193CF8C}"
EndProject
Project("{2150E333-8FDC-42A3-9474-1A3956D46DE8}") = "iTin.Core", "iTin.Core", "{43139493-D514-44A0-A481-C2489F6F4BF7}"
EndProject
Project("{FAE04EC0-301F-11D3-BF4B-00C04F79EFBC}") = "IIS.ConsoleAsyncApp", "test\IIS.ConsoleAsyncApp\IIS.ConsoleAsyncApp.csproj", "{ED144F46-5A08-4FF7-99C9-5E943F5714D1}"
EndProject
Project("{FAE04EC0-301F-11D3-BF4B-00C04F79EFBC}") = "IIS.FormsAsyncApp", "test\IIS.FormsAsyncApp\IIS.FormsAsyncApp.csproj", "{053FC95C-01F8-45D2-A97A-9BE1A8724DF4}"
EndProject
Project("{2150E333-8FDC-42A3-9474-1A3956D46DE8}") = "setup", "setup", "{5CF9DCF0-9CB0-40BD-A062-531E6DF5FF53}"
EndProject
Project("{54435603-DBB4-11D2-8724-00A0C9A8B90C}") = "iIISFeaturesSetup", "setup\iIISFeaturesSetup\iIISFeaturesSetup.vdproj", "{E7B9D1BB-2D07-4C7C-94CA-7447F0FEE376}"
EndProject
Project("{2150E333-8FDC-42A3-9474-1A3956D46DE8}") = "iTin.Logging", "iTin.Logging", "{FFECF6E2-2474-49E5-BF6C-05ABDCF45663}"
EndProject
Project("{2150E333-8FDC-42A3-9474-1A3956D46DE8}") = "iTin.Core.IO", "iTin.Core.IO", "{2CDD9F60-77E8-47D4-B2AF-EF085998876B}"
EndProject
Project("{2150E333-8FDC-42A3-9474-1A3956D46DE8}") = "iTin.Core", "iTin.Core", "{50F90DD3-F435-41EA-B1A3-D333B472F71C}"
EndProject
Project("{2150E333-8FDC-42A3-9474-1A3956D46DE8}") = "iTin.Core.Models", "iTin.Core.Models", "{2A684792-3C3A-42AB-B5B0-9337DDC3C9BC}"
EndProject
Project("{2150E333-8FDC-42A3-9474-1A3956D46DE8}") = "iTin.AspNet.Web", "iTin.AspNet.Web", "{40D440FF-54DB-4D2B-97CF-9EFD0A6ED123}"
EndProject
Project("{9A19103F-16F7-4668-BE54-9A1E7A4F7556}") = "iTin.Core.IO", "..\..\iTin\iTin.Core\iTin.Core.IO\src\iTin.Core.IO.csproj", "{32608889-CFBC-4BB3-8FFD-3377233129A6}"
EndProject
Project("{9A19103F-16F7-4668-BE54-9A1E7A4F7556}") = "iTin.Registry.Windows", "..\..\iTin\iTin.Registry\iTin.Registry.Windows\src\iTin.Registry.Windows.csproj", "{A0A17F4E-5C06-4A9F-9434-CF1E84ACAE05}"
EndProject
Project("{9A19103F-16F7-4668-BE54-9A1E7A4F7556}") = "iTin.Core", "..\..\iTin\iTin.Core\iTin.Core\src\iTin.Core.csproj", "{26D086FE-7405-4FFF-8755-6BDCAE7198A8}"
EndProject
Project("{9A19103F-16F7-4668-BE54-9A1E7A4F7556}") = "iTin.Logging", "..\..\iTin\iTin.Logging\src\iTin.Logging.csproj", "{E330C7AB-99A4-402D-A3FF-6F6B4B1F7CAD}"
EndProject
Project("{9A19103F-16F7-4668-BE54-9A1E7A4F7556}") = "iTin.Core.Models", "..\..\iTin\iTin.Core\iTin.Core.Models\src\iTin.Core.Models.csproj", "{335D37C4-6E46-4D7A-BD68-552137514593}"
EndProject
Global
	GlobalSection(SolutionConfigurationPlatforms) = preSolution
		Debug|Any CPU = Debug|Any CPU
		Release|Any CPU = Release|Any CPU
	EndGlobalSection
	GlobalSection(ProjectConfigurationPlatforms) = postSolution
		{E6CAAC43-C903-4AA1-9D94-A815F80CBB0B}.Debug|Any CPU.ActiveCfg = Debug|Any CPU
		{E6CAAC43-C903-4AA1-9D94-A815F80CBB0B}.Debug|Any CPU.Build.0 = Debug|Any CPU
		{E6CAAC43-C903-4AA1-9D94-A815F80CBB0B}.Release|Any CPU.ActiveCfg = Release|Any CPU
		{E6CAAC43-C903-4AA1-9D94-A815F80CBB0B}.Release|Any CPU.Build.0 = Release|Any CPU
		{E3C9031D-4277-44B5-A87F-3C42984D5072}.Debug|Any CPU.ActiveCfg = Debug|Any CPU
		{E3C9031D-4277-44B5-A87F-3C42984D5072}.Debug|Any CPU.Build.0 = Debug|Any CPU
		{E3C9031D-4277-44B5-A87F-3C42984D5072}.Release|Any CPU.ActiveCfg = Release|Any CPU
		{E3C9031D-4277-44B5-A87F-3C42984D5072}.Release|Any CPU.Build.0 = Release|Any CPU
		{66108E17-BDF9-41F3-BE43-1B4386D003CC}.Debug|Any CPU.ActiveCfg = Debug|Any CPU
		{66108E17-BDF9-41F3-BE43-1B4386D003CC}.Debug|Any CPU.Build.0 = Debug|Any CPU
		{66108E17-BDF9-41F3-BE43-1B4386D003CC}.Release|Any CPU.ActiveCfg = Release|Any CPU
		{66108E17-BDF9-41F3-BE43-1B4386D003CC}.Release|Any CPU.Build.0 = Release|Any CPU
		{ED144F46-5A08-4FF7-99C9-5E943F5714D1}.Debug|Any CPU.ActiveCfg = Debug|Any CPU
		{ED144F46-5A08-4FF7-99C9-5E943F5714D1}.Debug|Any CPU.Build.0 = Debug|Any CPU
		{ED144F46-5A08-4FF7-99C9-5E943F5714D1}.Release|Any CPU.ActiveCfg = Release|Any CPU
		{ED144F46-5A08-4FF7-99C9-5E943F5714D1}.Release|Any CPU.Build.0 = Release|Any CPU
		{053FC95C-01F8-45D2-A97A-9BE1A8724DF4}.Debug|Any CPU.ActiveCfg = Debug|Any CPU
		{053FC95C-01F8-45D2-A97A-9BE1A8724DF4}.Debug|Any CPU.Build.0 = Debug|Any CPU
		{053FC95C-01F8-45D2-A97A-9BE1A8724DF4}.Release|Any CPU.ActiveCfg = Release|Any CPU
		{053FC95C-01F8-45D2-A97A-9BE1A8724DF4}.Release|Any CPU.Build.0 = Release|Any CPU
		{E7B9D1BB-2D07-4C7C-94CA-7447F0FEE376}.Debug|Any CPU.ActiveCfg = Debug
		{E7B9D1BB-2D07-4C7C-94CA-7447F0FEE376}.Debug|Any CPU.Build.0 = Debug
		{E7B9D1BB-2D07-4C7C-94CA-7447F0FEE376}.Release|Any CPU.ActiveCfg = Release
		{E7B9D1BB-2D07-4C7C-94CA-7447F0FEE376}.Release|Any CPU.Build.0 = Release
		{32608889-CFBC-4BB3-8FFD-3377233129A6}.Debug|Any CPU.ActiveCfg = Debug|Any CPU
		{32608889-CFBC-4BB3-8FFD-3377233129A6}.Debug|Any CPU.Build.0 = Debug|Any CPU
		{32608889-CFBC-4BB3-8FFD-3377233129A6}.Release|Any CPU.ActiveCfg = Release|Any CPU
		{32608889-CFBC-4BB3-8FFD-3377233129A6}.Release|Any CPU.Build.0 = Release|Any CPU
		{A0A17F4E-5C06-4A9F-9434-CF1E84ACAE05}.Debug|Any CPU.ActiveCfg = Debug|Any CPU
		{A0A17F4E-5C06-4A9F-9434-CF1E84ACAE05}.Debug|Any CPU.Build.0 = Debug|Any CPU
		{A0A17F4E-5C06-4A9F-9434-CF1E84ACAE05}.Release|Any CPU.ActiveCfg = Release|Any CPU
		{A0A17F4E-5C06-4A9F-9434-CF1E84ACAE05}.Release|Any CPU.Build.0 = Release|Any CPU
		{26D086FE-7405-4FFF-8755-6BDCAE7198A8}.Debug|Any CPU.ActiveCfg = Debug|Any CPU
		{26D086FE-7405-4FFF-8755-6BDCAE7198A8}.Debug|Any CPU.Build.0 = Debug|Any CPU
		{26D086FE-7405-4FFF-8755-6BDCAE7198A8}.Release|Any CPU.ActiveCfg = Release|Any CPU
		{26D086FE-7405-4FFF-8755-6BDCAE7198A8}.Release|Any CPU.Build.0 = Release|Any CPU
		{E330C7AB-99A4-402D-A3FF-6F6B4B1F7CAD}.Debug|Any CPU.ActiveCfg = Debug|Any CPU
		{E330C7AB-99A4-402D-A3FF-6F6B4B1F7CAD}.Debug|Any CPU.Build.0 = Debug|Any CPU
		{E330C7AB-99A4-402D-A3FF-6F6B4B1F7CAD}.Release|Any CPU.ActiveCfg = Release|Any CPU
		{E330C7AB-99A4-402D-A3FF-6F6B4B1F7CAD}.Release|Any CPU.Build.0 = Release|Any CPU
		{335D37C4-6E46-4D7A-BD68-552137514593}.Debug|Any CPU.ActiveCfg = Debug|Any CPU
		{335D37C4-6E46-4D7A-BD68-552137514593}.Debug|Any CPU.Build.0 = Debug|Any CPU
		{335D37C4-6E46-4D7A-BD68-552137514593}.Release|Any CPU.ActiveCfg = Release|Any CPU
		{335D37C4-6E46-4D7A-BD68-552137514593}.Release|Any CPU.Build.0 = Release|Any CPU
	EndGlobalSection
	GlobalSection(SolutionProperties) = preSolution
		HideSolutionNode = FALSE
	EndGlobalSection
	GlobalSection(NestedProjects) = preSolution
		{E6CAAC43-C903-4AA1-9D94-A815F80CBB0B} = {E01CBC68-5F83-4D49-9983-D03B929CDB3A}
		{E3C9031D-4277-44B5-A87F-3C42984D5072} = {E01CBC68-5F83-4D49-9983-D03B929CDB3A}
		{B4709610-2503-4D77-A880-DAB05D82D776} = {5D2F4B0E-F62B-4038-879E-8F0A16F4D101}
		{66108E17-BDF9-41F3-BE43-1B4386D003CC} = {40D440FF-54DB-4D2B-97CF-9EFD0A6ED123}
		{FD10CBBD-203C-4481-B7B9-8AE18193CF8C} = {5D2F4B0E-F62B-4038-879E-8F0A16F4D101}
		{43139493-D514-44A0-A481-C2489F6F4BF7} = {5D2F4B0E-F62B-4038-879E-8F0A16F4D101}
		{ED144F46-5A08-4FF7-99C9-5E943F5714D1} = {E01CBC68-5F83-4D49-9983-D03B929CDB3A}
		{053FC95C-01F8-45D2-A97A-9BE1A8724DF4} = {E01CBC68-5F83-4D49-9983-D03B929CDB3A}
		{E7B9D1BB-2D07-4C7C-94CA-7447F0FEE376} = {5CF9DCF0-9CB0-40BD-A062-531E6DF5FF53}
		{FFECF6E2-2474-49E5-BF6C-05ABDCF45663} = {5D2F4B0E-F62B-4038-879E-8F0A16F4D101}
		{2CDD9F60-77E8-47D4-B2AF-EF085998876B} = {43139493-D514-44A0-A481-C2489F6F4BF7}
		{50F90DD3-F435-41EA-B1A3-D333B472F71C} = {43139493-D514-44A0-A481-C2489F6F4BF7}
		{2A684792-3C3A-42AB-B5B0-9337DDC3C9BC} = {43139493-D514-44A0-A481-C2489F6F4BF7}
		{40D440FF-54DB-4D2B-97CF-9EFD0A6ED123} = {B4709610-2503-4D77-A880-DAB05D82D776}
		{32608889-CFBC-4BB3-8FFD-3377233129A6} = {2CDD9F60-77E8-47D4-B2AF-EF085998876B}
		{A0A17F4E-5C06-4A9F-9434-CF1E84ACAE05} = {FD10CBBD-203C-4481-B7B9-8AE18193CF8C}
		{26D086FE-7405-4FFF-8755-6BDCAE7198A8} = {50F90DD3-F435-41EA-B1A3-D333B472F71C}
		{E330C7AB-99A4-402D-A3FF-6F6B4B1F7CAD} = {FFECF6E2-2474-49E5-BF6C-05ABDCF45663}
		{335D37C4-6E46-4D7A-BD68-552137514593} = {2A684792-3C3A-42AB-B5B0-9337DDC3C9BC}
	EndGlobalSection
	GlobalSection(ExtensibilityGlobals) = postSolution
		SolutionGuid = {BEA577B4-2E9A-418F-AF76-DCD13DCA4ED1}
	EndGlobalSection
EndGlobal
