
Microsoft Visual Studio Solution File, Format Version 12.00
# Visual Studio Version 16
VisualStudioVersion = 16.0.29709.97
MinimumVisualStudioVersion = 10.0.40219.1
Project("{2150E333-8FDC-42A3-9474-1A3956D46DE8}") = "lib", "lib", "{5D2F4B0E-F62B-4038-879E-8F0A16F4D101}"
EndProject
Project("{2150E333-8FDC-42A3-9474-1A3956D46DE8}") = "test", "test", "{E01CBC68-5F83-4D49-9983-D03B929CDB3A}"
EndProject
Project("{FAE04EC0-301F-11D3-BF4B-00C04F79EFBC}") = "IIS.ConsoleApp", "test\IIS.ConsoleApp\IIS.ConsoleApp.csproj", "{E6CAAC43-C903-4AA1-9D94-A815F80CBB0B}"
EndProject
Project("{FAE04EC0-301F-11D3-BF4B-00C04F79EFBC}") = "IIS.FormsApp", "test\IIS.FormsApp\IIS.FormsApp.csproj", "{E3C9031D-4277-44B5-A87F-3C42984D5072}"
EndProject
Project("{2150E333-8FDC-42A3-9474-1A3956D46DE8}") = "iTin.AspNet", "iTin.AspNet", "{B4709610-2503-4D77-A880-DAB05D82D776}"
EndProject
Project("{9A19103F-16F7-4668-BE54-9A1E7A4F7556}") = "iTin.AspNet.Web.IIS", "lib\iTin.AspNet\iTin.AspNet.Web\iTin.AspNet.Web.IIS\iTin.AspNet.Web.IIS.csproj", "{66108E17-BDF9-41F3-BE43-1B4386D003CC}"
EndProject
Project("{2150E333-8FDC-42A3-9474-1A3956D46DE8}") = "iTin.Resgistry", "iTin.Resgistry", "{FD10CBBD-203C-4481-B7B9-8AE18193CF8C}"
EndProject
Project("{9A19103F-16F7-4668-BE54-9A1E7A4F7556}") = "iTin.Registry.Windows", "lib\iTin.Registry\iTin.Registry.Windows\iTin.Registry.Windows.csproj", "{CD3463EF-1C21-406F-9CD9-157E970BABF3}"
EndProject
Project("{2150E333-8FDC-42A3-9474-1A3956D46DE8}") = "iTin.Core", "iTin.Core", "{43139493-D514-44A0-A481-C2489F6F4BF7}"
EndProject
Project("{9A19103F-16F7-4668-BE54-9A1E7A4F7556}") = "iTin.Core.Min", "lib\iTin.Core\iTin.Core.Min\iTin.Core.Min.csproj", "{6C3D3C7C-29FE-4BFE-A0B3-D4AC1073AC84}"
EndProject
Project("{9A19103F-16F7-4668-BE54-9A1E7A4F7556}") = "iTin.Core.IO", "lib\iTin.Core\iTin.Core.IO\iTin.Core.IO.csproj", "{CE786018-8BEF-451A-9572-43A2449D1722}"
EndProject
Project("{9A19103F-16F7-4668-BE54-9A1E7A4F7556}") = "iTin.Core.Models", "lib\iTin.Core\iTin.Core.Models\iTin.Core.Models.csproj", "{BFB8CA97-D5A3-4EBB-86AA-94CADA78A3A2}"
EndProject
Global
	GlobalSection(SolutionConfigurationPlatforms) = preSolution
		Debug|Any CPU = Debug|Any CPU
		Release|Any CPU = Release|Any CPU
	EndGlobalSection
	GlobalSection(ProjectConfigurationPlatforms) = postSolution
		{E6CAAC43-C903-4AA1-9D94-A815F80CBB0B}.Debug|Any CPU.ActiveCfg = Debug|Any CPU
		{E6CAAC43-C903-4AA1-9D94-A815F80CBB0B}.Debug|Any CPU.Build.0 = Debug|Any CPU
		{E6CAAC43-C903-4AA1-9D94-A815F80CBB0B}.Release|Any CPU.ActiveCfg = Release|Any CPU
		{E6CAAC43-C903-4AA1-9D94-A815F80CBB0B}.Release|Any CPU.Build.0 = Release|Any CPU
		{E3C9031D-4277-44B5-A87F-3C42984D5072}.Debug|Any CPU.ActiveCfg = Debug|Any CPU
		{E3C9031D-4277-44B5-A87F-3C42984D5072}.Debug|Any CPU.Build.0 = Debug|Any CPU
		{E3C9031D-4277-44B5-A87F-3C42984D5072}.Release|Any CPU.ActiveCfg = Release|Any CPU
		{E3C9031D-4277-44B5-A87F-3C42984D5072}.Release|Any CPU.Build.0 = Release|Any CPU
		{66108E17-BDF9-41F3-BE43-1B4386D003CC}.Debug|Any CPU.ActiveCfg = Debug|Any CPU
		{66108E17-BDF9-41F3-BE43-1B4386D003CC}.Debug|Any CPU.Build.0 = Debug|Any CPU
		{66108E17-BDF9-41F3-BE43-1B4386D003CC}.Release|Any CPU.ActiveCfg = Release|Any CPU
		{66108E17-BDF9-41F3-BE43-1B4386D003CC}.Release|Any CPU.Build.0 = Release|Any CPU
		{CD3463EF-1C21-406F-9CD9-157E970BABF3}.Debug|Any CPU.ActiveCfg = Debug|Any CPU
		{CD3463EF-1C21-406F-9CD9-157E970BABF3}.Debug|Any CPU.Build.0 = Debug|Any CPU
		{CD3463EF-1C21-406F-9CD9-157E970BABF3}.Release|Any CPU.ActiveCfg = Release|Any CPU
		{CD3463EF-1C21-406F-9CD9-157E970BABF3}.Release|Any CPU.Build.0 = Release|Any CPU
		{6C3D3C7C-29FE-4BFE-A0B3-D4AC1073AC84}.Debug|Any CPU.ActiveCfg = Debug|Any CPU
		{6C3D3C7C-29FE-4BFE-A0B3-D4AC1073AC84}.Debug|Any CPU.Build.0 = Debug|Any CPU
		{6C3D3C7C-29FE-4BFE-A0B3-D4AC1073AC84}.Release|Any CPU.ActiveCfg = Release|Any CPU
		{6C3D3C7C-29FE-4BFE-A0B3-D4AC1073AC84}.Release|Any CPU.Build.0 = Release|Any CPU
		{CE786018-8BEF-451A-9572-43A2449D1722}.Debug|Any CPU.ActiveCfg = Debug|Any CPU
		{CE786018-8BEF-451A-9572-43A2449D1722}.Debug|Any CPU.Build.0 = Debug|Any CPU
		{CE786018-8BEF-451A-9572-43A2449D1722}.Release|Any CPU.ActiveCfg = Release|Any CPU
		{CE786018-8BEF-451A-9572-43A2449D1722}.Release|Any CPU.Build.0 = Release|Any CPU
		{BFB8CA97-D5A3-4EBB-86AA-94CADA78A3A2}.Debug|Any CPU.ActiveCfg = Debug|Any CPU
		{BFB8CA97-D5A3-4EBB-86AA-94CADA78A3A2}.Debug|Any CPU.Build.0 = Debug|Any CPU
		{BFB8CA97-D5A3-4EBB-86AA-94CADA78A3A2}.Release|Any CPU.ActiveCfg = Release|Any CPU
		{BFB8CA97-D5A3-4EBB-86AA-94CADA78A3A2}.Release|Any CPU.Build.0 = Release|Any CPU
	EndGlobalSection
	GlobalSection(SolutionProperties) = preSolution
		HideSolutionNode = FALSE
	EndGlobalSection
	GlobalSection(NestedProjects) = preSolution
		{E6CAAC43-C903-4AA1-9D94-A815F80CBB0B} = {E01CBC68-5F83-4D49-9983-D03B929CDB3A}
		{E3C9031D-4277-44B5-A87F-3C42984D5072} = {E01CBC68-5F83-4D49-9983-D03B929CDB3A}
		{B4709610-2503-4D77-A880-DAB05D82D776} = {5D2F4B0E-F62B-4038-879E-8F0A16F4D101}
		{66108E17-BDF9-41F3-BE43-1B4386D003CC} = {B4709610-2503-4D77-A880-DAB05D82D776}
		{FD10CBBD-203C-4481-B7B9-8AE18193CF8C} = {5D2F4B0E-F62B-4038-879E-8F0A16F4D101}
		{CD3463EF-1C21-406F-9CD9-157E970BABF3} = {FD10CBBD-203C-4481-B7B9-8AE18193CF8C}
		{43139493-D514-44A0-A481-C2489F6F4BF7} = {5D2F4B0E-F62B-4038-879E-8F0A16F4D101}
		{6C3D3C7C-29FE-4BFE-A0B3-D4AC1073AC84} = {43139493-D514-44A0-A481-C2489F6F4BF7}
		{CE786018-8BEF-451A-9572-43A2449D1722} = {43139493-D514-44A0-A481-C2489F6F4BF7}
		{BFB8CA97-D5A3-4EBB-86AA-94CADA78A3A2} = {43139493-D514-44A0-A481-C2489F6F4BF7}
	EndGlobalSection
	GlobalSection(ExtensibilityGlobals) = postSolution
		SolutionGuid = {BEA577B4-2E9A-418F-AF76-DCD13DCA4ED1}
	EndGlobalSection
EndGlobal
